// !$*UTF8*$!
{
	archiveVersion = 1;
	classes = {
	};
	objectVersion = 46;
	objects = {

/* Begin PBXBuildFile section */
		3CB93A2A1D4398F100623F09 /* AppDelegate.swift in Sources */ = {isa = PBXBuildFile; fileRef = 3CB93A291D4398F100623F09 /* AppDelegate.swift */; };
		3CB93A2E1D4398F100623F09 /* GameViewController.swift in Sources */ = {isa = PBXBuildFile; fileRef = 3CB93A2D1D4398F100623F09 /* GameViewController.swift */; };
		3CB93A311D4398F100623F09 /* Main.storyboard in Resources */ = {isa = PBXBuildFile; fileRef = 3CB93A2F1D4398F100623F09 /* Main.storyboard */; };
		3CB93A331D4398F100623F09 /* Assets.xcassets in Resources */ = {isa = PBXBuildFile; fileRef = 3CB93A321D4398F100623F09 /* Assets.xcassets */; };
		3CB93A361D4398F100623F09 /* LaunchScreen.storyboard in Resources */ = {isa = PBXBuildFile; fileRef = 3CB93A341D4398F100623F09 /* LaunchScreen.storyboard */; };
		3CB93A5A1D439B1000623F09 /* spherical.jpg in Resources */ = {isa = PBXBuildFile; fileRef = 3CB93A3F1D439B1000623F09 /* spherical.jpg */; };
		3CB93A5B1D439B1000623F09 /* sphericalBlurred.png in Resources */ = {isa = PBXBuildFile; fileRef = 3CB93A401D439B1000623F09 /* sphericalBlurred.png */; };
		3CB93A5C1D439B1000623F09 /* bamboo-wood-semigloss-albedo.png in Resources */ = {isa = PBXBuildFile; fileRef = 3CB93A431D439B1000623F09 /* bamboo-wood-semigloss-albedo.png */; };
		3CB93A5E1D439B1000623F09 /* bamboo-wood-semigloss-metal.png in Resources */ = {isa = PBXBuildFile; fileRef = 3CB93A451D439B1000623F09 /* bamboo-wood-semigloss-metal.png */; };
		3CB93A5F1D439B1000623F09 /* bamboo-wood-semigloss-normal.png in Resources */ = {isa = PBXBuildFile; fileRef = 3CB93A461D439B1000623F09 /* bamboo-wood-semigloss-normal.png */; };
		3CB93A601D439B1000623F09 /* bamboo-wood-semigloss-roughness.png in Resources */ = {isa = PBXBuildFile; fileRef = 3CB93A471D439B1000623F09 /* bamboo-wood-semigloss-roughness.png */; };
		3CB93A611D439B1000623F09 /* oakfloor2-albedo.png in Resources */ = {isa = PBXBuildFile; fileRef = 3CB93A491D439B1000623F09 /* oakfloor2-albedo.png */; };
		3CB93A631D439B1000623F09 /* oakfloor2-normal.png in Resources */ = {isa = PBXBuildFile; fileRef = 3CB93A4B1D439B1000623F09 /* oakfloor2-normal.png */; };
		3CB93A641D439B1000623F09 /* oakfloor2-roughness.png in Resources */ = {isa = PBXBuildFile; fileRef = 3CB93A4C1D439B1000623F09 /* oakfloor2-roughness.png */; };
		3CB93A651D439B1000623F09 /* rustediron-streaks-albedo.png in Resources */ = {isa = PBXBuildFile; fileRef = 3CB93A4E1D439B1000623F09 /* rustediron-streaks-albedo.png */; };
		3CB93A661D439B1000623F09 /* rustediron-streaks-metal.png in Resources */ = {isa = PBXBuildFile; fileRef = 3CB93A4F1D439B1000623F09 /* rustediron-streaks-metal.png */; };
		3CB93A671D439B1000623F09 /* rustediron-streaks-normal.png in Resources */ = {isa = PBXBuildFile; fileRef = 3CB93A501D439B1000623F09 /* rustediron-streaks-normal.png */; };
		3CB93A681D439B1000623F09 /* rustediron-streaks-roughness.png in Resources */ = {isa = PBXBuildFile; fileRef = 3CB93A511D439B1000623F09 /* rustediron-streaks-roughness.png */; };
		3CB93A691D439B1000623F09 /* scuffed-plastic-albedo.png in Resources */ = {isa = PBXBuildFile; fileRef = 3CB93A531D439B1000623F09 /* scuffed-plastic-albedo.png */; };
		3CB93A6B1D439B1000623F09 /* scuffed-plastic-metal.png in Resources */ = {isa = PBXBuildFile; fileRef = 3CB93A551D439B1000623F09 /* scuffed-plastic-metal.png */; };
		3CB93A6C1D439B1000623F09 /* scuffed-plastic-normal.png in Resources */ = {isa = PBXBuildFile; fileRef = 3CB93A561D439B1000623F09 /* scuffed-plastic-normal.png */; };
		3CB93A6D1D439B1000623F09 /* scuffed-plastic-roughness.png in Resources */ = {isa = PBXBuildFile; fileRef = 3CB93A571D439B1000623F09 /* scuffed-plastic-roughness.png */; };
		C50206051DBE5A4200278DBB /* SceneKit Scene.scn in Resources */ = {isa = PBXBuildFile; fileRef = C50206041DBE5A4200278DBB /* SceneKit Scene.scn */; };
		C50310B51DA37D6C00B685F9 /* M_04___Default1.PNG in Resources */ = {isa = PBXBuildFile; fileRef = C50310B41DA37D6C00B685F9 /* M_04___Default1.PNG */; };
		C50310BB1DA37F8D00B685F9 /* IronMan.obj in Resources */ = {isa = PBXBuildFile; fileRef = C50310BA1DA37F8D00B685F9 /* IronMan.obj */; };
		C50310C11DA387B400B685F9 /* Mark 42 Helm.obj in Resources */ = {isa = PBXBuildFile; fileRef = C50310C01DA387B400B685F9 /* Mark 42 Helm.obj */; };
		C50310C31DA3995B00B685F9 /* IMG_0012.JPG in Resources */ = {isa = PBXBuildFile; fileRef = C50310C21DA3995B00B685F9 /* IMG_0012.JPG */; };
		C5076E581DA4BC44006E34CD /* LF6N_1_42TRT_F6LS73.ies in Resources */ = {isa = PBXBuildFile; fileRef = C5076E571DA4BC44006E34CD /* LF6N_1_42TRT_F6LS73.ies */; };
		C5309EDF1DB4942E00228238 /* plok.scnp in Resources */ = {isa = PBXBuildFile; fileRef = C5309EDE1DB4942E00228238 /* plok.scnp */; };
		C57A06D41DA26DEB002CA312 /* IMG_0008.JPG in Resources */ = {isa = PBXBuildFile; fileRef = C57A06D31DA26DEB002CA312 /* IMG_0008.JPG */; };
		C57A06D61DA27289002CA312 /* IMG_0009.JPG in Resources */ = {isa = PBXBuildFile; fileRef = C57A06D51DA27289002CA312 /* IMG_0009.JPG */; };
		C59B40A41DA254A3003EBFB4 /* sphere.obj in Resources */ = {isa = PBXBuildFile; fileRef = C59B40A31DA254A3003EBFB4 /* sphere.obj */; };
		C59B40AC1DA254DF003EBFB4 /* harshbricks-albedo.png in Resources */ = {isa = PBXBuildFile; fileRef = C59B40A61DA254DF003EBFB4 /* harshbricks-albedo.png */; };
		C59B40AD1DA254DF003EBFB4 /* harshbricks-ao2.png in Resources */ = {isa = PBXBuildFile; fileRef = C59B40A71DA254DF003EBFB4 /* harshbricks-ao2.png */; };
		C59B40AE1DA254DF003EBFB4 /* harshbricks-height5-16.png in Resources */ = {isa = PBXBuildFile; fileRef = C59B40A81DA254DF003EBFB4 /* harshbricks-height5-16.png */; };
		C59B40AF1DA254DF003EBFB4 /* harshbricks-metalness.png in Resources */ = {isa = PBXBuildFile; fileRef = C59B40A91DA254DF003EBFB4 /* harshbricks-metalness.png */; };
		C59B40B01DA254DF003EBFB4 /* harshbricks-normal.png in Resources */ = {isa = PBXBuildFile; fileRef = C59B40AA1DA254DF003EBFB4 /* harshbricks-normal.png */; };
		C59B40B11DA254DF003EBFB4 /* harshbricks-roughness.png in Resources */ = {isa = PBXBuildFile; fileRef = C59B40AB1DA254DF003EBFB4 /* harshbricks-roughness.png */; };
		C59B40B31DA258B3003EBFB4 /* sphere1.scn in Resources */ = {isa = PBXBuildFile; fileRef = C59B40B21DA258B3003EBFB4 /* sphere1.scn */; };
		C59B40B51DA25B98003EBFB4 /* ViewController.swift in Sources */ = {isa = PBXBuildFile; fileRef = C59B40B41DA25B98003EBFB4 /* ViewController.swift */; };
		C5A734591D9ED285003A0580 /* gold-scuffed-basecolor-boosted.png in Resources */ = {isa = PBXBuildFile; fileRef = C5A734541D9ED285003A0580 /* gold-scuffed-basecolor-boosted.png */; };
		C5A7345A1D9ED285003A0580 /* gold-scuffed-basecolor.png in Resources */ = {isa = PBXBuildFile; fileRef = C5A734551D9ED285003A0580 /* gold-scuffed-basecolor.png */; };
		C5A7345B1D9ED285003A0580 /* gold-scuffed-metal.png in Resources */ = {isa = PBXBuildFile; fileRef = C5A734561D9ED285003A0580 /* gold-scuffed-metal.png */; };
		C5A7345C1D9ED285003A0580 /* gold-scuffed-normal.png in Resources */ = {isa = PBXBuildFile; fileRef = C5A734571D9ED285003A0580 /* gold-scuffed-normal.png */; };
		C5A7345D1D9ED285003A0580 /* gold-scuffed-roughness.png in Resources */ = {isa = PBXBuildFile; fileRef = C5A734581D9ED285003A0580 /* gold-scuffed-roughness.png */; };
		C5A734631D9EDAF5003A0580 /* greasy-metal-pan1-albedo.png in Resources */ = {isa = PBXBuildFile; fileRef = C5A7345F1D9EDAF5003A0580 /* greasy-metal-pan1-albedo.png */; };
		C5A734641D9EDAF5003A0580 /* greasy-metal-pan1-metal.png in Resources */ = {isa = PBXBuildFile; fileRef = C5A734601D9EDAF5003A0580 /* greasy-metal-pan1-metal.png */; };
		C5A734651D9EDAF5003A0580 /* greasy-metal-pan1-normal.png in Resources */ = {isa = PBXBuildFile; fileRef = C5A734611D9EDAF5003A0580 /* greasy-metal-pan1-normal.png */; };
		C5A734661D9EDAF5003A0580 /* greasy-metal-pan1-roughness.png in Resources */ = {isa = PBXBuildFile; fileRef = C5A734621D9EDAF5003A0580 /* greasy-metal-pan1-roughness.png */; };
		C5A734681D9EDBB8003A0580 /* interior_hdri_29_20150416_1169368110.jpg in Resources */ = {isa = PBXBuildFile; fileRef = C5A734671D9EDBB8003A0580 /* interior_hdri_29_20150416_1169368110.jpg */; };
		C5F161721DBA4D34004803DB /* RevolvedMaterials.mtl in Resources */ = {isa = PBXBuildFile; fileRef = C5F161701DBA4D34004803DB /* RevolvedMaterials.mtl */; };
/* End PBXBuildFile section */

/* Begin PBXFileReference section */
		3CB93A261D4398F100623F09 /* PBROrbs.app */ = {isa = PBXFileReference; explicitFileType = wrapper.application; includeInIndex = 0; path = PBROrbs.app; sourceTree = BUILT_PRODUCTS_DIR; };
		3CB93A291D4398F100623F09 /* AppDelegate.swift */ = {isa = PBXFileReference; lastKnownFileType = sourcecode.swift; path = AppDelegate.swift; sourceTree = "<group>"; };
		3CB93A2D1D4398F100623F09 /* GameViewController.swift */ = {isa = PBXFileReference; lastKnownFileType = sourcecode.swift; path = GameViewController.swift; sourceTree = "<group>"; };
		3CB93A301D4398F100623F09 /* Base */ = {isa = PBXFileReference; lastKnownFileType = file.storyboard; name = Base; path = Base.lproj/Main.storyboard; sourceTree = "<group>"; };
		3CB93A321D4398F100623F09 /* Assets.xcassets */ = {isa = PBXFileReference; lastKnownFileType = folder.assetcatalog; path = Assets.xcassets; sourceTree = "<group>"; };
		3CB93A351D4398F100623F09 /* Base */ = {isa = PBXFileReference; lastKnownFileType = file.storyboard; name = Base; path = Base.lproj/LaunchScreen.storyboard; sourceTree = "<group>"; };
		3CB93A371D4398F100623F09 /* Info.plist */ = {isa = PBXFileReference; lastKnownFileType = text.plist.xml; path = Info.plist; sourceTree = "<group>"; };
		3CB93A3F1D439B1000623F09 /* spherical.jpg */ = {isa = PBXFileReference; lastKnownFileType = image.jpeg; path = spherical.jpg; sourceTree = "<group>"; };
		3CB93A401D439B1000623F09 /* sphericalBlurred.png */ = {isa = PBXFileReference; lastKnownFileType = image.png; path = sphericalBlurred.png; sourceTree = "<group>"; };
		3CB93A431D439B1000623F09 /* bamboo-wood-semigloss-albedo.png */ = {isa = PBXFileReference; lastKnownFileType = image.png; path = "bamboo-wood-semigloss-albedo.png"; sourceTree = "<group>"; };
		3CB93A451D439B1000623F09 /* bamboo-wood-semigloss-metal.png */ = {isa = PBXFileReference; lastKnownFileType = image.png; path = "bamboo-wood-semigloss-metal.png"; sourceTree = "<group>"; };
		3CB93A461D439B1000623F09 /* bamboo-wood-semigloss-normal.png */ = {isa = PBXFileReference; lastKnownFileType = image.png; path = "bamboo-wood-semigloss-normal.png"; sourceTree = "<group>"; };
		3CB93A471D439B1000623F09 /* bamboo-wood-semigloss-roughness.png */ = {isa = PBXFileReference; lastKnownFileType = image.png; path = "bamboo-wood-semigloss-roughness.png"; sourceTree = "<group>"; };
		3CB93A491D439B1000623F09 /* oakfloor2-albedo.png */ = {isa = PBXFileReference; lastKnownFileType = image.png; path = "oakfloor2-albedo.png"; sourceTree = "<group>"; };
		3CB93A4B1D439B1000623F09 /* oakfloor2-normal.png */ = {isa = PBXFileReference; lastKnownFileType = image.png; path = "oakfloor2-normal.png"; sourceTree = "<group>"; };
		3CB93A4C1D439B1000623F09 /* oakfloor2-roughness.png */ = {isa = PBXFileReference; lastKnownFileType = image.png; path = "oakfloor2-roughness.png"; sourceTree = "<group>"; };
		3CB93A4E1D439B1000623F09 /* rustediron-streaks-albedo.png */ = {isa = PBXFileReference; lastKnownFileType = image.png; path = "rustediron-streaks-albedo.png"; sourceTree = "<group>"; };
		3CB93A4F1D439B1000623F09 /* rustediron-streaks-metal.png */ = {isa = PBXFileReference; lastKnownFileType = image.png; path = "rustediron-streaks-metal.png"; sourceTree = "<group>"; };
		3CB93A501D439B1000623F09 /* rustediron-streaks-normal.png */ = {isa = PBXFileReference; lastKnownFileType = image.png; path = "rustediron-streaks-normal.png"; sourceTree = "<group>"; };
		3CB93A511D439B1000623F09 /* rustediron-streaks-roughness.png */ = {isa = PBXFileReference; lastKnownFileType = image.png; path = "rustediron-streaks-roughness.png"; sourceTree = "<group>"; };
		3CB93A531D439B1000623F09 /* scuffed-plastic-albedo.png */ = {isa = PBXFileReference; lastKnownFileType = image.png; path = "scuffed-plastic-albedo.png"; sourceTree = "<group>"; };
		3CB93A551D439B1000623F09 /* scuffed-plastic-metal.png */ = {isa = PBXFileReference; lastKnownFileType = image.png; path = "scuffed-plastic-metal.png"; sourceTree = "<group>"; };
		3CB93A561D439B1000623F09 /* scuffed-plastic-normal.png */ = {isa = PBXFileReference; lastKnownFileType = image.png; path = "scuffed-plastic-normal.png"; sourceTree = "<group>"; };
		3CB93A571D439B1000623F09 /* scuffed-plastic-roughness.png */ = {isa = PBXFileReference; lastKnownFileType = image.png; path = "scuffed-plastic-roughness.png"; sourceTree = "<group>"; };
		C50206041DBE5A4200278DBB /* SceneKit Scene.scn */ = {isa = PBXFileReference; lastKnownFileType = file.bplist; name = "SceneKit Scene.scn"; path = "../SceneKit Scene.scn"; sourceTree = "<group>"; };
		C50310B41DA37D6C00B685F9 /* M_04___Default1.PNG */ = {isa = PBXFileReference; lastKnownFileType = image.png; path = "M_04___Default1.PNG"; sourceTree = "<group>"; };
		C50310BA1DA37F8D00B685F9 /* IronMan.obj */ = {isa = PBXFileReference; fileEncoding = 4; lastKnownFileType = text; path = IronMan.obj; sourceTree = "<group>"; };
		C50310BC1DA37F9A00B685F9 /* v1_0_IronManRigged.max */ = {isa = PBXFileReference; lastKnownFileType = file; path = v1_0_IronManRigged.max; sourceTree = "<group>"; };
		C50310BF1DA3864100B685F9 /* YRBC.scn */ = {isa = PBXFileReference; lastKnownFileType = file.bplist; path = YRBC.scn; sourceTree = "<group>"; };
		C50310C01DA387B400B685F9 /* Mark 42 Helm.obj */ = {isa = PBXFileReference; fileEncoding = 4; lastKnownFileType = text; path = "Mark 42 Helm.obj"; sourceTree = "<group>"; };
		C50310C21DA3995B00B685F9 /* IMG_0012.JPG */ = {isa = PBXFileReference; lastKnownFileType = image.jpeg; path = IMG_0012.JPG; sourceTree = "<group>"; };
		C5076E571DA4BC44006E34CD /* LF6N_1_42TRT_F6LS73.ies */ = {isa = PBXFileReference; fileEncoding = 4; lastKnownFileType = text; path = LF6N_1_42TRT_F6LS73.ies; sourceTree = "<group>"; };
		C5309EDE1DB4942E00228238 /* plok.scnp */ = {isa = PBXFileReference; lastKnownFileType = file.scp; path = plok.scnp; sourceTree = "<group>"; };
		C55C45B81DB8A8B6005245AF /* hey.scn */ = {isa = PBXFileReference; lastKnownFileType = file.bplist; path = hey.scn; sourceTree = "<group>"; };
		C57A06D31DA26DEB002CA312 /* IMG_0008.JPG */ = {isa = PBXFileReference; lastKnownFileType = image.jpeg; path = IMG_0008.JPG; sourceTree = "<group>"; };
		C57A06D51DA27289002CA312 /* IMG_0009.JPG */ = {isa = PBXFileReference; lastKnownFileType = image.jpeg; path = IMG_0009.JPG; sourceTree = "<group>"; };
		C59B40A31DA254A3003EBFB4 /* sphere.obj */ = {isa = PBXFileReference; fileEncoding = 4; lastKnownFileType = text; path = sphere.obj; sourceTree = "<group>"; };
		C59B40A61DA254DF003EBFB4 /* harshbricks-albedo.png */ = {isa = PBXFileReference; lastKnownFileType = image.png; path = "harshbricks-albedo.png"; sourceTree = "<group>"; };
		C59B40A71DA254DF003EBFB4 /* harshbricks-ao2.png */ = {isa = PBXFileReference; lastKnownFileType = image.png; path = "harshbricks-ao2.png"; sourceTree = "<group>"; };
		C59B40A81DA254DF003EBFB4 /* harshbricks-height5-16.png */ = {isa = PBXFileReference; lastKnownFileType = image.png; path = "harshbricks-height5-16.png"; sourceTree = "<group>"; };
		C59B40A91DA254DF003EBFB4 /* harshbricks-metalness.png */ = {isa = PBXFileReference; lastKnownFileType = image.png; path = "harshbricks-metalness.png"; sourceTree = "<group>"; };
		C59B40AA1DA254DF003EBFB4 /* harshbricks-normal.png */ = {isa = PBXFileReference; lastKnownFileType = image.png; path = "harshbricks-normal.png"; sourceTree = "<group>"; };
		C59B40AB1DA254DF003EBFB4 /* harshbricks-roughness.png */ = {isa = PBXFileReference; lastKnownFileType = image.png; path = "harshbricks-roughness.png"; sourceTree = "<group>"; };
		C59B40B21DA258B3003EBFB4 /* sphere1.scn */ = {isa = PBXFileReference; lastKnownFileType = file.bplist; path = sphere1.scn; sourceTree = "<group>"; };
		C59B40B41DA25B98003EBFB4 /* ViewController.swift */ = {isa = PBXFileReference; fileEncoding = 4; lastKnownFileType = sourcecode.swift; path = ViewController.swift; sourceTree = "<group>"; };
		C5A734541D9ED285003A0580 /* gold-scuffed-basecolor-boosted.png */ = {isa = PBXFileReference; lastKnownFileType = image.png; path = "gold-scuffed-basecolor-boosted.png"; sourceTree = "<group>"; };
		C5A734551D9ED285003A0580 /* gold-scuffed-basecolor.png */ = {isa = PBXFileReference; lastKnownFileType = image.png; path = "gold-scuffed-basecolor.png"; sourceTree = "<group>"; };
		C5A734561D9ED285003A0580 /* gold-scuffed-metal.png */ = {isa = PBXFileReference; lastKnownFileType = image.png; path = "gold-scuffed-metal.png"; sourceTree = "<group>"; };
		C5A734571D9ED285003A0580 /* gold-scuffed-normal.png */ = {isa = PBXFileReference; lastKnownFileType = image.png; path = "gold-scuffed-normal.png"; sourceTree = "<group>"; };
		C5A734581D9ED285003A0580 /* gold-scuffed-roughness.png */ = {isa = PBXFileReference; lastKnownFileType = image.png; path = "gold-scuffed-roughness.png"; sourceTree = "<group>"; };
		C5A7345F1D9EDAF5003A0580 /* greasy-metal-pan1-albedo.png */ = {isa = PBXFileReference; lastKnownFileType = image.png; path = "greasy-metal-pan1-albedo.png"; sourceTree = "<group>"; };
		C5A734601D9EDAF5003A0580 /* greasy-metal-pan1-metal.png */ = {isa = PBXFileReference; lastKnownFileType = image.png; path = "greasy-metal-pan1-metal.png"; sourceTree = "<group>"; };
		C5A734611D9EDAF5003A0580 /* greasy-metal-pan1-normal.png */ = {isa = PBXFileReference; lastKnownFileType = image.png; path = "greasy-metal-pan1-normal.png"; sourceTree = "<group>"; };
		C5A734621D9EDAF5003A0580 /* greasy-metal-pan1-roughness.png */ = {isa = PBXFileReference; lastKnownFileType = image.png; path = "greasy-metal-pan1-roughness.png"; sourceTree = "<group>"; };
		C5A734671D9EDBB8003A0580 /* interior_hdri_29_20150416_1169368110.jpg */ = {isa = PBXFileReference; lastKnownFileType = image.jpeg; path = interior_hdri_29_20150416_1169368110.jpg; sourceTree = "<group>"; };
		C5F161701DBA4D34004803DB /* RevolvedMaterials.mtl */ = {isa = PBXFileReference; fileEncoding = 4; lastKnownFileType = text; path = RevolvedMaterials.mtl; sourceTree = "<group>"; };
		C5F161741DBA4D7A004803DB /* RevolvedModel.scn */ = {isa = PBXFileReference; lastKnownFileType = file.bplist; path = RevolvedModel.scn; sourceTree = "<group>"; };
/* End PBXFileReference section */

/* Begin PBXFrameworksBuildPhase section */
		3CB93A231D4398F100623F09 /* Frameworks */ = {
			isa = PBXFrameworksBuildPhase;
			buildActionMask = 2147483647;
			files = (
			);
			runOnlyForDeploymentPostprocessing = 0;
		};
/* End PBXFrameworksBuildPhase section */

/* Begin PBXGroup section */
		3CB93A1D1D4398F100623F09 = {
			isa = PBXGroup;
			children = (
				3CB93A281D4398F100623F09 /* PBROrbs */,
				3CB93A271D4398F100623F09 /* Products */,
			);
			sourceTree = "<group>";
		};
		3CB93A271D4398F100623F09 /* Products */ = {
			isa = PBXGroup;
			children = (
				3CB93A261D4398F100623F09 /* PBROrbs.app */,
			);
			name = Products;
			sourceTree = "<group>";
		};
		3CB93A281D4398F100623F09 /* PBROrbs */ = {
			isa = PBXGroup;
			children = (
				3CB93A3D1D439B1000623F09 /* Assets */,
				3CB93A291D4398F100623F09 /* AppDelegate.swift */,
				C50206041DBE5A4200278DBB /* SceneKit Scene.scn */,
				3CB93A2D1D4398F100623F09 /* GameViewController.swift */,
				3CB93A2F1D4398F100623F09 /* Main.storyboard */,
				3CB93A321D4398F100623F09 /* Assets.xcassets */,
				3CB93A341D4398F100623F09 /* LaunchScreen.storyboard */,
				3CB93A371D4398F100623F09 /* Info.plist */,
				C59B40B41DA25B98003EBFB4 /* ViewController.swift */,
			);
			path = PBROrbs;
			sourceTree = "<group>";
		};
		3CB93A3D1D439B1000623F09 /* Assets */ = {
			isa = PBXGroup;
			children = (
				3CB93A3E1D439B1000623F09 /* Environment */,
				3CB93A411D439B1000623F09 /* Materials */,
				3CB93A581D439B1000623F09 /* Objects */,
			);
			path = Assets;
			sourceTree = "<group>";
		};
		3CB93A3E1D439B1000623F09 /* Environment */ = {
			isa = PBXGroup;
			children = (
				C5F161701DBA4D34004803DB /* RevolvedMaterials.mtl */,
				C5F161741DBA4D7A004803DB /* RevolvedModel.scn */,
				C5A734671D9EDBB8003A0580 /* interior_hdri_29_20150416_1169368110.jpg */,
				3CB93A3F1D439B1000623F09 /* spherical.jpg */,
				C57A06D31DA26DEB002CA312 /* IMG_0008.JPG */,
				C57A06D51DA27289002CA312 /* IMG_0009.JPG */,
				3CB93A401D439B1000623F09 /* sphericalBlurred.png */,
			);
			path = Environment;
			sourceTree = "<group>";
		};
		3CB93A411D439B1000623F09 /* Materials */ = {
			isa = PBXGroup;
			children = (
				C59B40A51DA254DF003EBFB4 /* harshbricks- */,
				C5A7345E1D9EDAF5003A0580 /* greasy-metal-pan1 */,
				C5A734531D9ED285003A0580 /* gold-scuffed */,
				3CB93A421D439B1000623F09 /* bamboo-wood-semigloss */,
				3CB93A481D439B1000623F09 /* oakfloor2 */,
				3CB93A4D1D439B1000623F09 /* rustediron-streaks */,
				3CB93A521D439B1000623F09 /* scuffed-plastic */,
			);
			path = Materials;
			sourceTree = "<group>";
		};
		3CB93A421D439B1000623F09 /* bamboo-wood-semigloss */ = {
			isa = PBXGroup;
			children = (
				3CB93A431D439B1000623F09 /* bamboo-wood-semigloss-albedo.png */,
				3CB93A451D439B1000623F09 /* bamboo-wood-semigloss-metal.png */,
				3CB93A461D439B1000623F09 /* bamboo-wood-semigloss-normal.png */,
				3CB93A471D439B1000623F09 /* bamboo-wood-semigloss-roughness.png */,
			);
			path = "bamboo-wood-semigloss";
			sourceTree = "<group>";
		};
		3CB93A481D439B1000623F09 /* oakfloor2 */ = {
			isa = PBXGroup;
			children = (
				3CB93A491D439B1000623F09 /* oakfloor2-albedo.png */,
				3CB93A4B1D439B1000623F09 /* oakfloor2-normal.png */,
				3CB93A4C1D439B1000623F09 /* oakfloor2-roughness.png */,
			);
			path = oakfloor2;
			sourceTree = "<group>";
		};
		3CB93A4D1D439B1000623F09 /* rustediron-streaks */ = {
			isa = PBXGroup;
			children = (
				3CB93A4E1D439B1000623F09 /* rustediron-streaks-albedo.png */,
				3CB93A4F1D439B1000623F09 /* rustediron-streaks-metal.png */,
				3CB93A501D439B1000623F09 /* rustediron-streaks-normal.png */,
				3CB93A511D439B1000623F09 /* rustediron-streaks-roughness.png */,
			);
			path = "rustediron-streaks";
			sourceTree = "<group>";
		};
		3CB93A521D439B1000623F09 /* scuffed-plastic */ = {
			isa = PBXGroup;
			children = (
				3CB93A531D439B1000623F09 /* scuffed-plastic-albedo.png */,
				3CB93A551D439B1000623F09 /* scuffed-plastic-metal.png */,
				3CB93A561D439B1000623F09 /* scuffed-plastic-normal.png */,
				3CB93A571D439B1000623F09 /* scuffed-plastic-roughness.png */,
			);
			path = "scuffed-plastic";
			sourceTree = "<group>";
		};
		3CB93A581D439B1000623F09 /* Objects */ = {
			isa = PBXGroup;
			children = (
				C55C45B81DB8A8B6005245AF /* hey.scn */,
				C5309EDE1DB4942E00228238 /* plok.scnp */,
				C5076E571DA4BC44006E34CD /* LF6N_1_42TRT_F6LS73.ies */,
				C50310C21DA3995B00B685F9 /* IMG_0012.JPG */,
				C50310C01DA387B400B685F9 /* Mark 42 Helm.obj */,
				C50310BF1DA3864100B685F9 /* YRBC.scn */,
				C50310BC1DA37F9A00B685F9 /* v1_0_IronManRigged.max */,
				C50310BA1DA37F8D00B685F9 /* IronMan.obj */,
				C50310B41DA37D6C00B685F9 /* M_04___Default1.PNG */,
				C59B40A31DA254A3003EBFB4 /* sphere.obj */,
				C59B40B21DA258B3003EBFB4 /* sphere1.scn */,
			);
			path = Objects;
			sourceTree = "<group>";
		};
		C59B40A51DA254DF003EBFB4 /* harshbricks- */ = {
			isa = PBXGroup;
			children = (
				C59B40A61DA254DF003EBFB4 /* harshbricks-albedo.png */,
				C59B40A71DA254DF003EBFB4 /* harshbricks-ao2.png */,
				C59B40A81DA254DF003EBFB4 /* harshbricks-height5-16.png */,
				C59B40A91DA254DF003EBFB4 /* harshbricks-metalness.png */,
				C59B40AA1DA254DF003EBFB4 /* harshbricks-normal.png */,
				C59B40AB1DA254DF003EBFB4 /* harshbricks-roughness.png */,
			);
			path = "harshbricks-";
			sourceTree = "<group>";
		};
		C5A734531D9ED285003A0580 /* gold-scuffed */ = {
			isa = PBXGroup;
			children = (
				C5A734541D9ED285003A0580 /* gold-scuffed-basecolor-boosted.png */,
				C5A734551D9ED285003A0580 /* gold-scuffed-basecolor.png */,
				C5A734561D9ED285003A0580 /* gold-scuffed-metal.png */,
				C5A734571D9ED285003A0580 /* gold-scuffed-normal.png */,
				C5A734581D9ED285003A0580 /* gold-scuffed-roughness.png */,
			);
			name = "gold-scuffed";
			path = "gold-scuffed-b";
			sourceTree = "<group>";
		};
		C5A7345E1D9EDAF5003A0580 /* greasy-metal-pan1 */ = {
			isa = PBXGroup;
			children = (
				C5A7345F1D9EDAF5003A0580 /* greasy-metal-pan1-albedo.png */,
				C5A734601D9EDAF5003A0580 /* greasy-metal-pan1-metal.png */,
				C5A734611D9EDAF5003A0580 /* greasy-metal-pan1-normal.png */,
				C5A734621D9EDAF5003A0580 /* greasy-metal-pan1-roughness.png */,
			);
			name = "greasy-metal-pan1";
			path = "greasy-metal-pan1-a";
			sourceTree = "<group>";
		};
/* End PBXGroup section */

/* Begin PBXNativeTarget section */
		3CB93A251D4398F100623F09 /* PBROrbs */ = {
			isa = PBXNativeTarget;
			buildConfigurationList = 3CB93A3A1D4398F100623F09 /* Build configuration list for PBXNativeTarget "PBROrbs" */;
			buildPhases = (
				3CB93A221D4398F100623F09 /* Sources */,
				3CB93A231D4398F100623F09 /* Frameworks */,
				3CB93A241D4398F100623F09 /* Resources */,
			);
			buildRules = (
			);
			dependencies = (
			);
			name = PBROrbs;
			productName = PBROrbs;
			productReference = 3CB93A261D4398F100623F09 /* PBROrbs.app */;
			productType = "com.apple.product-type.application";
		};
/* End PBXNativeTarget section */

/* Begin PBXProject section */
		3CB93A1E1D4398F100623F09 /* Project object */ = {
			isa = PBXProject;
			attributes = {
				LastSwiftUpdateCheck = 0800;
				LastUpgradeCheck = 0800;
				ORGANIZATIONNAME = MediumBlog;
				TargetAttributes = {
					3CB93A251D4398F100623F09 = {
						CreatedOnToolsVersion = 8.0;
						DevelopmentTeam = TXQ4FT4L8R;
						ProvisioningStyle = Automatic;
						SystemCapabilities = {
							com.apple.BackgroundModes = {
								enabled = 0;
							};
						};
					};
				};
			};
			buildConfigurationList = 3CB93A211D4398F100623F09 /* Build configuration list for PBXProject "PBROrbs" */;
			compatibilityVersion = "Xcode 3.2";
			developmentRegion = English;
			hasScannedForEncodings = 0;
			knownRegions = (
				en,
				Base,
			);
			mainGroup = 3CB93A1D1D4398F100623F09;
			productRefGroup = 3CB93A271D4398F100623F09 /* Products */;
			projectDirPath = "";
			projectRoot = "";
			targets = (
				3CB93A251D4398F100623F09 /* PBROrbs */,
			);
		};
/* End PBXProject section */

/* Begin PBXResourcesBuildPhase section */
		3CB93A241D4398F100623F09 /* Resources */ = {
			isa = PBXResourcesBuildPhase;
			buildActionMask = 2147483647;
			files = (
				C5A734591D9ED285003A0580 /* gold-scuffed-basecolor-boosted.png in Resources */,
				C5A7345B1D9ED285003A0580 /* gold-scuffed-metal.png in Resources */,
				C59B40AE1DA254DF003EBFB4 /* harshbricks-height5-16.png in Resources */,
				C5A734651D9EDAF5003A0580 /* greasy-metal-pan1-normal.png in Resources */,
				C59B40A41DA254A3003EBFB4 /* sphere.obj in Resources */,
				3CB93A361D4398F100623F09 /* LaunchScreen.storyboard in Resources */,
				3CB93A691D439B1000623F09 /* scuffed-plastic-albedo.png in Resources */,
				C5A734661D9EDAF5003A0580 /* greasy-metal-pan1-roughness.png in Resources */,
				C50206051DBE5A4200278DBB /* SceneKit Scene.scn in Resources */,
				C57A06D61DA27289002CA312 /* IMG_0009.JPG in Resources */,
				3CB93A5B1D439B1000623F09 /* sphericalBlurred.png in Resources */,
				3CB93A651D439B1000623F09 /* rustediron-streaks-albedo.png in Resources */,
				3CB93A5C1D439B1000623F09 /* bamboo-wood-semigloss-albedo.png in Resources */,
				3CB93A671D439B1000623F09 /* rustediron-streaks-normal.png in Resources */,
				C5A7345C1D9ED285003A0580 /* gold-scuffed-normal.png in Resources */,
				C59B40B11DA254DF003EBFB4 /* harshbricks-roughness.png in Resources */,
				3CB93A5E1D439B1000623F09 /* bamboo-wood-semigloss-metal.png in Resources */,
				C57A06D41DA26DEB002CA312 /* IMG_0008.JPG in Resources */,
				C50310C11DA387B400B685F9 /* Mark 42 Helm.obj in Resources */,
				3CB93A6B1D439B1000623F09 /* scuffed-plastic-metal.png in Resources */,
				3CB93A331D4398F100623F09 /* Assets.xcassets in Resources */,
				3CB93A631D439B1000623F09 /* oakfloor2-normal.png in Resources */,
				C5A734681D9EDBB8003A0580 /* interior_hdri_29_20150416_1169368110.jpg in Resources */,
				C59B40AC1DA254DF003EBFB4 /* harshbricks-albedo.png in Resources */,
				3CB93A681D439B1000623F09 /* rustediron-streaks-roughness.png in Resources */,
				3CB93A311D4398F100623F09 /* Main.storyboard in Resources */,
				C50310BB1DA37F8D00B685F9 /* IronMan.obj in Resources */,
				3CB93A6C1D439B1000623F09 /* scuffed-plastic-normal.png in Resources */,
				3CB93A661D439B1000623F09 /* rustediron-streaks-metal.png in Resources */,
				C5A7345A1D9ED285003A0580 /* gold-scuffed-basecolor.png in Resources */,
				C5A7345D1D9ED285003A0580 /* gold-scuffed-roughness.png in Resources */,
				C59B40AD1DA254DF003EBFB4 /* harshbricks-ao2.png in Resources */,
				C5076E581DA4BC44006E34CD /* LF6N_1_42TRT_F6LS73.ies in Resources */,
				3CB93A5F1D439B1000623F09 /* bamboo-wood-semigloss-normal.png in Resources */,
				C50310B51DA37D6C00B685F9 /* M_04___Default1.PNG in Resources */,
				3CB93A5A1D439B1000623F09 /* spherical.jpg in Resources */,
				C59B40AF1DA254DF003EBFB4 /* harshbricks-metalness.png in Resources */,
				C5F161721DBA4D34004803DB /* RevolvedMaterials.mtl in Resources */,
				C5A734641D9EDAF5003A0580 /* greasy-metal-pan1-metal.png in Resources */,
				C5A734631D9EDAF5003A0580 /* greasy-metal-pan1-albedo.png in Resources */,
				C59B40B01DA254DF003EBFB4 /* harshbricks-normal.png in Resources */,
				C59B40B31DA258B3003EBFB4 /* sphere1.scn in Resources */,
				3CB93A611D439B1000623F09 /* oakfloor2-albedo.png in Resources */,
				3CB93A601D439B1000623F09 /* bamboo-wood-semigloss-roughness.png in Resources */,
				3CB93A641D439B1000623F09 /* oakfloor2-roughness.png in Resources */,
				C5309EDF1DB4942E00228238 /* plok.scnp in Resources */,
				C50310C31DA3995B00B685F9 /* IMG_0012.JPG in Resources */,
				3CB93A6D1D439B1000623F09 /* scuffed-plastic-roughness.png in Resources */,
			);
			runOnlyForDeploymentPostprocessing = 0;
		};
/* End PBXResourcesBuildPhase section */

/* Begin PBXSourcesBuildPhase section */
		3CB93A221D4398F100623F09 /* Sources */ = {
			isa = PBXSourcesBuildPhase;
			buildActionMask = 2147483647;
			files = (
				C59B40B51DA25B98003EBFB4 /* ViewController.swift in Sources */,
				3CB93A2E1D4398F100623F09 /* GameViewController.swift in Sources */,
				3CB93A2A1D4398F100623F09 /* AppDelegate.swift in Sources */,
			);
			runOnlyForDeploymentPostprocessing = 0;
		};
/* End PBXSourcesBuildPhase section */

/* Begin PBXVariantGroup section */
		3CB93A2F1D4398F100623F09 /* Main.storyboard */ = {
			isa = PBXVariantGroup;
			children = (
				3CB93A301D4398F100623F09 /* Base */,
			);
			name = Main.storyboard;
			sourceTree = "<group>";
		};
		3CB93A341D4398F100623F09 /* LaunchScreen.storyboard */ = {
			isa = PBXVariantGroup;
			children = (
				3CB93A351D4398F100623F09 /* Base */,
			);
			name = LaunchScreen.storyboard;
			sourceTree = "<group>";
		};
/* End PBXVariantGroup section */

/* Begin XCBuildConfiguration section */
		3CB93A381D4398F100623F09 /* Debug */ = {
			isa = XCBuildConfiguration;
			buildSettings = {
				ALWAYS_SEARCH_USER_PATHS = NO;
				CLANG_ANALYZER_NONNULL = YES;
				CLANG_CXX_LANGUAGE_STANDARD = "gnu++0x";
				CLANG_CXX_LIBRARY = "libc++";
				CLANG_ENABLE_MODULES = YES;
				CLANG_ENABLE_OBJC_ARC = YES;
				CLANG_WARN_BOOL_CONVERSION = YES;
				CLANG_WARN_CONSTANT_CONVERSION = YES;
				CLANG_WARN_DIRECT_OBJC_ISA_USAGE = YES_ERROR;
				CLANG_WARN_DOCUMENTATION_COMMENTS = YES;
				CLANG_WARN_EMPTY_BODY = YES;
				CLANG_WARN_ENUM_CONVERSION = YES;
				CLANG_WARN_INT_CONVERSION = YES;
				CLANG_WARN_OBJC_ROOT_CLASS = YES_ERROR;
				CLANG_WARN_UNREACHABLE_CODE = YES;
				CLANG_WARN__DUPLICATE_METHOD_MATCH = YES;
				"CODE_SIGN_IDENTITY[sdk=iphoneos*]" = "iPhone Developer";
				COPY_PHASE_STRIP = NO;
				DEBUG_INFORMATION_FORMAT = dwarf;
				ENABLE_STRICT_OBJC_MSGSEND = YES;
				ENABLE_TESTABILITY = YES;
				GCC_C_LANGUAGE_STANDARD = gnu99;
				GCC_DYNAMIC_NO_PIC = NO;
				GCC_NO_COMMON_BLOCKS = YES;
				GCC_OPTIMIZATION_LEVEL = 0;
				GCC_PREPROCESSOR_DEFINITIONS = (
					"DEBUG=1",
					"$(inherited)",
				);
				GCC_WARN_64_TO_32_BIT_CONVERSION = YES;
				GCC_WARN_ABOUT_RETURN_TYPE = YES_ERROR;
				GCC_WARN_UNDECLARED_SELECTOR = YES;
				GCC_WARN_UNINITIALIZED_AUTOS = YES_AGGRESSIVE;
				GCC_WARN_UNUSED_FUNCTION = YES;
				GCC_WARN_UNUSED_VARIABLE = YES;
				IPHONEOS_DEPLOYMENT_TARGET = 10.0;
				MTL_ENABLE_DEBUG_INFO = YES;
				ONLY_ACTIVE_ARCH = YES;
				SDKROOT = iphoneos;
				SWIFT_ACTIVE_COMPILATION_CONDITIONS = DEBUG;
				SWIFT_OPTIMIZATION_LEVEL = "-Onone";
				TARGETED_DEVICE_FAMILY = "1,2";
			};
			name = Debug;
		};
		3CB93A391D4398F100623F09 /* Release */ = {
			isa = XCBuildConfiguration;
			buildSettings = {
				ALWAYS_SEARCH_USER_PATHS = NO;
				CLANG_ANALYZER_NONNULL = YES;
				CLANG_CXX_LANGUAGE_STANDARD = "gnu++0x";
				CLANG_CXX_LIBRARY = "libc++";
				CLANG_ENABLE_MODULES = YES;
				CLANG_ENABLE_OBJC_ARC = YES;
				CLANG_WARN_BOOL_CONVERSION = YES;
				CLANG_WARN_CONSTANT_CONVERSION = YES;
				CLANG_WARN_DIRECT_OBJC_ISA_USAGE = YES_ERROR;
				CLANG_WARN_DOCUMENTATION_COMMENTS = YES;
				CLANG_WARN_EMPTY_BODY = YES;
				CLANG_WARN_ENUM_CONVERSION = YES;
				CLANG_WARN_INT_CONVERSION = YES;
				CLANG_WARN_OBJC_ROOT_CLASS = YES_ERROR;
				CLANG_WARN_UNREACHABLE_CODE = YES;
				CLANG_WARN__DUPLICATE_METHOD_MATCH = YES;
				"CODE_SIGN_IDENTITY[sdk=iphoneos*]" = "iPhone Developer";
				COPY_PHASE_STRIP = NO;
				DEBUG_INFORMATION_FORMAT = "dwarf-with-dsym";
				ENABLE_NS_ASSERTIONS = NO;
				ENABLE_STRICT_OBJC_MSGSEND = YES;
				GCC_C_LANGUAGE_STANDARD = gnu99;
				GCC_NO_COMMON_BLOCKS = YES;
				GCC_WARN_64_TO_32_BIT_CONVERSION = YES;
				GCC_WARN_ABOUT_RETURN_TYPE = YES_ERROR;
				GCC_WARN_UNDECLARED_SELECTOR = YES;
				GCC_WARN_UNINITIALIZED_AUTOS = YES_AGGRESSIVE;
				GCC_WARN_UNUSED_FUNCTION = YES;
				GCC_WARN_UNUSED_VARIABLE = YES;
				IPHONEOS_DEPLOYMENT_TARGET = 10.0;
				MTL_ENABLE_DEBUG_INFO = NO;
				SDKROOT = iphoneos;
				SWIFT_OPTIMIZATION_LEVEL = "-Owholemodule";
				TARGETED_DEVICE_FAMILY = "1,2";
				VALIDATE_PRODUCT = YES;
			};
			name = Release;
		};
		3CB93A3B1D4398F100623F09 /* Debug */ = {
			isa = XCBuildConfiguration;
			buildSettings = {
				ASSETCATALOG_COMPILER_APPICON_NAME = AppIcon;
				DEVELOPMENT_TEAM = TXQ4FT4L8R;
				INFOPLIST_FILE = PBROrbs/Info.plist;
				LD_RUNPATH_SEARCH_PATHS = "$(inherited) @executable_path/Frameworks";
				PRODUCT_BUNDLE_IDENTIFIER = com.scauos.PBROrbss;
				PRODUCT_NAME = "$(TARGET_NAME)";
				SWIFT_VERSION = 3.0;
			};
			name = Debug;
		};
		3CB93A3C1D4398F100623F09 /* Release */ = {
			isa = XCBuildConfiguration;
			buildSettings = {
				ASSETCATALOG_COMPILER_APPICON_NAME = AppIcon;
				DEVELOPMENT_TEAM = TXQ4FT4L8R;
				INFOPLIST_FILE = PBROrbs/Info.plist;
				LD_RUNPATH_SEARCH_PATHS = "$(inherited) @executable_path/Frameworks";
				PRODUCT_BUNDLE_IDENTIFIER = com.scauos.PBROrbss;
				PRODUCT_NAME = "$(TARGET_NAME)";
				SWIFT_VERSION = 3.0;
			};
			name = Release;
		};
/* End XCBuildConfiguration section */

/* Begin XCConfigurationList section */
		3CB93A211D4398F100623F09 /* Build configuration list for PBXProject "PBROrbs" */ = {
			isa = XCConfigurationList;
			buildConfigurations = (
				3CB93A381D4398F100623F09 /* Debug */,
				3CB93A391D4398F100623F09 /* Release */,
			);
			defaultConfigurationIsVisible = 0;
			defaultConfigurationName = Release;
		};
		3CB93A3A1D4398F100623F09 /* Build configuration list for PBXNativeTarget "PBROrbs" */ = {
			isa = XCConfigurationList;
			buildConfigurations = (
				3CB93A3B1D4398F100623F09 /* Debug */,
				3CB93A3C1D4398F100623F09 /* Release */,
			);
			defaultConfigurationIsVisible = 0;
			defaultConfigurationName = Release;
		};
/* End XCConfigurationList section */
	};
	rootObject = 3CB93A1E1D4398F100623F09 /* Project object */;
}
